# This file is autogenerated, do not edit; changes may be undone by the next 'dep ensure'.


[[projects]]
  branch = "master"
  name = "golang.org/x/crypto"
  packages = [
    "cast5",
    "openpgp",
    "openpgp/armor",
    "openpgp/elgamal",
    "openpgp/errors",
    "openpgp/packet",
    "openpgp/s2k"
  ]
  revision = "650f4a345ab4e5b245a3034b110ebc7299e68186"

[solve-meta]
  analyzer-name = "dep"
  analyzer-version = 1
  inputs-digest = "5401de147857c1abd17e6ed5345727b30053ac6e1400d436279b58221efa02f9"
  solver-name = "gps-cdcl"
  solver-version = 1
